
Microsoft Visual Studio Solution File, Format Version 12.00
# Visual Studio Version 17
VisualStudioVersion = 17.14.36429.23
MinimumVisualStudioVersion = 10.0.40219.1
Project("{FAE04EC0-301F-11D3-BF4B-00C04F79EFBC}") = "CityProducer", "CityConsumer\CityProducer.csproj", "{20613B5D-2263-4128-8BF1-85372B930DC4}"
EndProject
Project("{FAE04EC0-301F-11D3-BF4B-00C04F79EFBC}") = "CityConsumer", "CityProducer\CityConsumer.csproj", "{FA28FBEE-41D2-4493-BA5C-B5DAB62A9E07}"
EndProject
Global
	GlobalSection(SolutionConfigurationPlatforms) = preSolution
		Debug|Any CPU = Debug|Any CPU
		Release|Any CPU = Release|Any CPU
	EndGlobalSection
	GlobalSection(ProjectConfigurationPlatforms) = postSolution
		{20613B5D-2263-4128-8BF1-85372B930DC4}.Debug|Any CPU.ActiveCfg = Debug|Any CPU
		{20613B5D-2263-4128-8BF1-85372B930DC4}.Debug|Any CPU.Build.0 = Debug|Any CPU
		{20613B5D-2263-4128-8BF1-85372B930DC4}.Release|Any CPU.ActiveCfg = Release|Any CPU
		{20613B5D-2263-4128-8BF1-85372B930DC4}.Release|Any CPU.Build.0 = Release|Any CPU
		{FA28FBEE-41D2-4493-BA5C-B5DAB62A9E07}.Debug|Any CPU.ActiveCfg = Debug|Any CPU
		{FA28FBEE-41D2-4493-BA5C-B5DAB62A9E07}.Debug|Any CPU.Build.0 = Debug|Any CPU
		{FA28FBEE-41D2-4493-BA5C-B5DAB62A9E07}.Release|Any CPU.ActiveCfg = Release|Any CPU
		{FA28FBEE-41D2-4493-BA5C-B5DAB62A9E07}.Release|Any CPU.Build.0 = Release|Any CPU
	EndGlobalSection
	GlobalSection(SolutionProperties) = preSolution
		HideSolutionNode = FALSE
	EndGlobalSection
	GlobalSection(ExtensibilityGlobals) = postSolution
		SolutionGuid = {4559996F-2A94-4230-A3A9-BC167BA3534E}
	EndGlobalSection
EndGlobal
