Microsoft Visual Studio Solution File, Format Version 12.00
# Visual Studio Version 17
VisualStudioVersion = 17.5.2.0
MinimumVisualStudioVersion = 10.0.40219.1
Project("{FAE04EC0-301F-11D3-BF4B-00C04F79EFBC}") = "CityProducer", "CityProducer.csproj", "{C7A89305-0A62-B92C-7F4B-B7100A97323A}"
EndProject
Global
	GlobalSection(SolutionConfigurationPlatforms) = preSolution
		Debug|Any CPU = Debug|Any CPU
		Release|Any CPU = Release|Any CPU
	EndGlobalSection
	GlobalSection(ProjectConfigurationPlatforms) = postSolution
		{C7A89305-0A62-B92C-7F4B-B7100A97323A}.Debug|Any CPU.ActiveCfg = Debug|Any CPU
		{C7A89305-0A62-B92C-7F4B-B7100A97323A}.Debug|Any CPU.Build.0 = Debug|Any CPU
		{C7A89305-0A62-B92C-7F4B-B7100A97323A}.Release|Any CPU.ActiveCfg = Release|Any CPU
		{C7A89305-0A62-B92C-7F4B-B7100A97323A}.Release|Any CPU.Build.0 = Release|Any CPU
	EndGlobalSection
	GlobalSection(SolutionProperties) = preSolution
		HideSolutionNode = FALSE
	EndGlobalSection
	GlobalSection(ExtensibilityGlobals) = postSolution
		SolutionGuid = {5077FDAB-2886-4DC5-9AFD-5D208AE6117D}
	EndGlobalSection
EndGlobal
